// !$*UTF8*$!
{
	archiveVersion = 1;
	classes = {
	};
	objectVersion = 50;
	objects = {

/* Begin PBXBuildFile section */
		0B24232621FCC4E300432B88 /* AppDelegate.swift in Sources */ = {isa = PBXBuildFile; fileRef = 0B24232521FCC4E300432B88 /* AppDelegate.swift */; };
		0B24232821FCC4E300432B88 /* ViewController.swift in Sources */ = {isa = PBXBuildFile; fileRef = 0B24232721FCC4E300432B88 /* ViewController.swift */; };
		0B24232B21FCC4E300432B88 /* Main.storyboard in Resources */ = {isa = PBXBuildFile; fileRef = 0B24232921FCC4E300432B88 /* Main.storyboard */; };
		0B24232D21FCC4E500432B88 /* Assets.xcassets in Resources */ = {isa = PBXBuildFile; fileRef = 0B24232C21FCC4E500432B88 /* Assets.xcassets */; };
		0B24233021FCC4E500432B88 /* LaunchScreen.storyboard in Resources */ = {isa = PBXBuildFile; fileRef = 0B24232E21FCC4E500432B88 /* LaunchScreen.storyboard */; };
		0B24233B21FCC4E500432B88 /* RAFlightTrackerTests.swift in Sources */ = {isa = PBXBuildFile; fileRef = 0B24233A21FCC4E500432B88 /* RAFlightTrackerTests.swift */; };
		0B24234621FCC4E500432B88 /* RAFlightTrackerUITests.swift in Sources */ = {isa = PBXBuildFile; fileRef = 0B24234521FCC4E500432B88 /* RAFlightTrackerUITests.swift */; };
/* End PBXBuildFile section */

/* Begin PBXContainerItemProxy section */
		0B24233721FCC4E500432B88 /* PBXContainerItemProxy */ = {
			isa = PBXContainerItemProxy;
			containerPortal = 0B24231A21FCC4E300432B88 /* Project object */;
			proxyType = 1;
			remoteGlobalIDString = 0B24232121FCC4E300432B88;
			remoteInfo = RAFlightTracker;
		};
		0B24234221FCC4E500432B88 /* PBXContainerItemProxy */ = {
			isa = PBXContainerItemProxy;
			containerPortal = 0B24231A21FCC4E300432B88 /* Project object */;
			proxyType = 1;
			remoteGlobalIDString = 0B24232121FCC4E300432B88;
			remoteInfo = RAFlightTracker;
		};
/* End PBXContainerItemProxy section */

/* Begin PBXFileReference section */
		0B24232221FCC4E300432B88 /* RAFlightTracker.app */ = {isa = PBXFileReference; explicitFileType = wrapper.application; includeInIndex = 0; path = RAFlightTracker.app; sourceTree = BUILT_PRODUCTS_DIR; };
		0B24232521FCC4E300432B88 /* AppDelegate.swift */ = {isa = PBXFileReference; lastKnownFileType = sourcecode.swift; path = AppDelegate.swift; sourceTree = "<group>"; };
		0B24232721FCC4E300432B88 /* ViewController.swift */ = {isa = PBXFileReference; lastKnownFileType = sourcecode.swift; path = ViewController.swift; sourceTree = "<group>"; };
		0B24232A21FCC4E300432B88 /* Base */ = {isa = PBXFileReference; lastKnownFileType = file.storyboard; name = Base; path = Base.lproj/Main.storyboard; sourceTree = "<group>"; };
		0B24232C21FCC4E500432B88 /* Assets.xcassets */ = {isa = PBXFileReference; lastKnownFileType = folder.assetcatalog; path = Assets.xcassets; sourceTree = "<group>"; };
		0B24232F21FCC4E500432B88 /* Base */ = {isa = PBXFileReference; lastKnownFileType = file.storyboard; name = Base; path = Base.lproj/LaunchScreen.storyboard; sourceTree = "<group>"; };
		0B24233121FCC4E500432B88 /* Info.plist */ = {isa = PBXFileReference; lastKnownFileType = text.plist.xml; path = Info.plist; sourceTree = "<group>"; };
		0B24233621FCC4E500432B88 /* RAFlightTrackerTests.xctest */ = {isa = PBXFileReference; explicitFileType = wrapper.cfbundle; includeInIndex = 0; path = RAFlightTrackerTests.xctest; sourceTree = BUILT_PRODUCTS_DIR; };
		0B24233A21FCC4E500432B88 /* RAFlightTrackerTests.swift */ = {isa = PBXFileReference; lastKnownFileType = sourcecode.swift; path = RAFlightTrackerTests.swift; sourceTree = "<group>"; };
		0B24233C21FCC4E500432B88 /* Info.plist */ = {isa = PBXFileReference; lastKnownFileType = text.plist.xml; path = Info.plist; sourceTree = "<group>"; };
		0B24234121FCC4E500432B88 /* RAFlightTrackerUITests.xctest */ = {isa = PBXFileReference; explicitFileType = wrapper.cfbundle; includeInIndex = 0; path = RAFlightTrackerUITests.xctest; sourceTree = BUILT_PRODUCTS_DIR; };
		0B24234521FCC4E500432B88 /* RAFlightTrackerUITests.swift */ = {isa = PBXFileReference; lastKnownFileType = sourcecode.swift; path = RAFlightTrackerUITests.swift; sourceTree = "<group>"; };
		0B24234721FCC4E500432B88 /* Info.plist */ = {isa = PBXFileReference; lastKnownFileType = text.plist.xml; path = Info.plist; sourceTree = "<group>"; };
/* End PBXFileReference section */

/* Begin PBXFrameworksBuildPhase section */
		0B24231F21FCC4E300432B88 /* Frameworks */ = {
			isa = PBXFrameworksBuildPhase;
			buildActionMask = 2147483647;
			files = (
			);
			runOnlyForDeploymentPostprocessing = 0;
		};
		0B24233321FCC4E500432B88 /* Frameworks */ = {
			isa = PBXFrameworksBuildPhase;
			buildActionMask = 2147483647;
			files = (
			);
			runOnlyForDeploymentPostprocessing = 0;
		};
		0B24233E21FCC4E500432B88 /* Frameworks */ = {
			isa = PBXFrameworksBuildPhase;
			buildActionMask = 2147483647;
			files = (
			);
			runOnlyForDeploymentPostprocessing = 0;
		};
/* End PBXFrameworksBuildPhase section */

/* Begin PBXGroup section */
		0B24231921FCC4E300432B88 = {
			isa = PBXGroup;
			children = (
				0B24232421FCC4E300432B88 /* RAFlightTracker */,
				0B24233921FCC4E500432B88 /* RAFlightTrackerTests */,
				0B24234421FCC4E500432B88 /* RAFlightTrackerUITests */,
				0B24232321FCC4E300432B88 /* Products */,
			);
			sourceTree = "<group>";
		};
		0B24232321FCC4E300432B88 /* Products */ = {
			isa = PBXGroup;
			children = (
				0B24232221FCC4E300432B88 /* RAFlightTracker.app */,
				0B24233621FCC4E500432B88 /* RAFlightTrackerTests.xctest */,
				0B24234121FCC4E500432B88 /* RAFlightTrackerUITests.xctest */,
			);
			name = Products;
			sourceTree = "<group>";
		};
		0B24232421FCC4E300432B88 /* RAFlightTracker */ = {
			isa = PBXGroup;
			children = (
				0B24232521FCC4E300432B88 /* AppDelegate.swift */,
				0B24232721FCC4E300432B88 /* ViewController.swift */,
				0B24232921FCC4E300432B88 /* Main.storyboard */,
				0B24232C21FCC4E500432B88 /* Assets.xcassets */,
				0B24232E21FCC4E500432B88 /* LaunchScreen.storyboard */,
				0B24233121FCC4E500432B88 /* Info.plist */,
			);
			path = RAFlightTracker;
			sourceTree = "<group>";
		};
		0B24233921FCC4E500432B88 /* RAFlightTrackerTests */ = {
			isa = PBXGroup;
			children = (
				0B24233A21FCC4E500432B88 /* RAFlightTrackerTests.swift */,
				0B24233C21FCC4E500432B88 /* Info.plist */,
			);
			path = RAFlightTrackerTests;
			sourceTree = "<group>";
		};
		0B24234421FCC4E500432B88 /* RAFlightTrackerUITests */ = {
			isa = PBXGroup;
			children = (
				0B24234521FCC4E500432B88 /* RAFlightTrackerUITests.swift */,
				0B24234721FCC4E500432B88 /* Info.plist */,
			);
			path = RAFlightTrackerUITests;
			sourceTree = "<group>";
		};
/* End PBXGroup section */

/* Begin PBXNativeTarget section */
		0B24232121FCC4E300432B88 /* RAFlightTracker */ = {
			isa = PBXNativeTarget;
			buildConfigurationList = 0B24234A21FCC4E500432B88 /* Build configuration list for PBXNativeTarget "RAFlightTracker" */;
			buildPhases = (
				0B24231E21FCC4E300432B88 /* Sources */,
				0B24231F21FCC4E300432B88 /* Frameworks */,
				0B24232021FCC4E300432B88 /* Resources */,
			);
			buildRules = (
			);
			dependencies = (
			);
			name = RAFlightTracker;
			productName = RAFlightTracker;
			productReference = 0B24232221FCC4E300432B88 /* RAFlightTracker.app */;
			productType = "com.apple.product-type.application";
		};
		0B24233521FCC4E500432B88 /* RAFlightTrackerTests */ = {
			isa = PBXNativeTarget;
			buildConfigurationList = 0B24234D21FCC4E500432B88 /* Build configuration list for PBXNativeTarget "RAFlightTrackerTests" */;
			buildPhases = (
				0B24233221FCC4E500432B88 /* Sources */,
				0B24233321FCC4E500432B88 /* Frameworks */,
				0B24233421FCC4E500432B88 /* Resources */,
			);
			buildRules = (
			);
			dependencies = (
				0B24233821FCC4E500432B88 /* PBXTargetDependency */,
			);
			name = RAFlightTrackerTests;
			productName = RAFlightTrackerTests;
			productReference = 0B24233621FCC4E500432B88 /* RAFlightTrackerTests.xctest */;
			productType = "com.apple.product-type.bundle.unit-test";
		};
		0B24234021FCC4E500432B88 /* RAFlightTrackerUITests */ = {
			isa = PBXNativeTarget;
			buildConfigurationList = 0B24235021FCC4E500432B88 /* Build configuration list for PBXNativeTarget "RAFlightTrackerUITests" */;
			buildPhases = (
				0B24233D21FCC4E500432B88 /* Sources */,
				0B24233E21FCC4E500432B88 /* Frameworks */,
				0B24233F21FCC4E500432B88 /* Resources */,
			);
			buildRules = (
			);
			dependencies = (
				0B24234321FCC4E500432B88 /* PBXTargetDependency */,
			);
			name = RAFlightTrackerUITests;
			productName = RAFlightTrackerUITests;
			productReference = 0B24234121FCC4E500432B88 /* RAFlightTrackerUITests.xctest */;
			productType = "com.apple.product-type.bundle.ui-testing";
		};
/* End PBXNativeTarget section */

/* Begin PBXProject section */
		0B24231A21FCC4E300432B88 /* Project object */ = {
			isa = PBXProject;
			attributes = {
				LastSwiftUpdateCheck = 1010;
				LastUpgradeCheck = 1010;
				ORGANIZATIONNAME = "Eduardo Nieto";
				TargetAttributes = {
					0B24232121FCC4E300432B88 = {
						CreatedOnToolsVersion = 10.1;
					};
					0B24233521FCC4E500432B88 = {
						CreatedOnToolsVersion = 10.1;
						TestTargetID = 0B24232121FCC4E300432B88;
					};
					0B24234021FCC4E500432B88 = {
						CreatedOnToolsVersion = 10.1;
						TestTargetID = 0B24232121FCC4E300432B88;
					};
				};
			};
			buildConfigurationList = 0B24231D21FCC4E300432B88 /* Build configuration list for PBXProject "RAFlightTracker" */;
			compatibilityVersion = "Xcode 9.3";
			developmentRegion = en;
			hasScannedForEncodings = 0;
			knownRegions = (
				en,
				Base,
			);
			mainGroup = 0B24231921FCC4E300432B88;
			productRefGroup = 0B24232321FCC4E300432B88 /* Products */;
			projectDirPath = "";
			projectRoot = "";
			targets = (
				0B24232121FCC4E300432B88 /* RAFlightTracker */,
				0B24233521FCC4E500432B88 /* RAFlightTrackerTests */,
				0B24234021FCC4E500432B88 /* RAFlightTrackerUITests */,
			);
		};
/* End PBXProject section */

/* Begin PBXResourcesBuildPhase section */
		0B24232021FCC4E300432B88 /* Resources */ = {
			isa = PBXResourcesBuildPhase;
			buildActionMask = 2147483647;
			files = (
				0B24233021FCC4E500432B88 /* LaunchScreen.storyboard in Resources */,
				0B24232D21FCC4E500432B88 /* Assets.xcassets in Resources */,
				0B24232B21FCC4E300432B88 /* Main.storyboard in Resources */,
			);
			runOnlyForDeploymentPostprocessing = 0;
		};
		0B24233421FCC4E500432B88 /* Resources */ = {
			isa = PBXResourcesBuildPhase;
			buildActionMask = 2147483647;
			files = (
			);
			runOnlyForDeploymentPostprocessing = 0;
		};
		0B24233F21FCC4E500432B88 /* Resources */ = {
			isa = PBXResourcesBuildPhase;
			buildActionMask = 2147483647;
			files = (
			);
			runOnlyForDeploymentPostprocessing = 0;
		};
/* End PBXResourcesBuildPhase section */

/* Begin PBXSourcesBuildPhase section */
		0B24231E21FCC4E300432B88 /* Sources */ = {
			isa = PBXSourcesBuildPhase;
			buildActionMask = 2147483647;
			files = (
				0B24232821FCC4E300432B88 /* ViewController.swift in Sources */,
				0B24232621FCC4E300432B88 /* AppDelegate.swift in Sources */,
			);
			runOnlyForDeploymentPostprocessing = 0;
		};
		0B24233221FCC4E500432B88 /* Sources */ = {
			isa = PBXSourcesBuildPhase;
			buildActionMask = 2147483647;
			files = (
				0B24233B21FCC4E500432B88 /* RAFlightTrackerTests.swift in Sources */,
			);
			runOnlyForDeploymentPostprocessing = 0;
		};
		0B24233D21FCC4E500432B88 /* Sources */ = {
			isa = PBXSourcesBuildPhase;
			buildActionMask = 2147483647;
			files = (
				0B24234621FCC4E500432B88 /* RAFlightTrackerUITests.swift in Sources */,
			);
			runOnlyForDeploymentPostprocessing = 0;
		};
/* End PBXSourcesBuildPhase section */

/* Begin PBXTargetDependency section */
		0B24233821FCC4E500432B88 /* PBXTargetDependency */ = {
			isa = PBXTargetDependency;
			target = 0B24232121FCC4E300432B88 /* RAFlightTracker */;
			targetProxy = 0B24233721FCC4E500432B88 /* PBXContainerItemProxy */;
		};
		0B24234321FCC4E500432B88 /* PBXTargetDependency */ = {
			isa = PBXTargetDependency;
			target = 0B24232121FCC4E300432B88 /* RAFlightTracker */;
			targetProxy = 0B24234221FCC4E500432B88 /* PBXContainerItemProxy */;
		};
/* End PBXTargetDependency section */

/* Begin PBXVariantGroup section */
		0B24232921FCC4E300432B88 /* Main.storyboard */ = {
			isa = PBXVariantGroup;
			children = (
				0B24232A21FCC4E300432B88 /* Base */,
			);
			name = Main.storyboard;
			sourceTree = "<group>";
		};
		0B24232E21FCC4E500432B88 /* LaunchScreen.storyboard */ = {
			isa = PBXVariantGroup;
			children = (
				0B24232F21FCC4E500432B88 /* Base */,
			);
			name = LaunchScreen.storyboard;
			sourceTree = "<group>";
		};
/* End PBXVariantGroup section */

/* Begin XCBuildConfiguration section */
		0B24234821FCC4E500432B88 /* Debug */ = {
			isa = XCBuildConfiguration;
			buildSettings = {
				ALWAYS_SEARCH_USER_PATHS = NO;
				CLANG_ANALYZER_NONNULL = YES;
				CLANG_ANALYZER_NUMBER_OBJECT_CONVERSION = YES_AGGRESSIVE;
				CLANG_CXX_LANGUAGE_STANDARD = "gnu++14";
				CLANG_CXX_LIBRARY = "libc++";
				CLANG_ENABLE_MODULES = YES;
				CLANG_ENABLE_OBJC_ARC = YES;
				CLANG_ENABLE_OBJC_WEAK = YES;
				CLANG_WARN_BLOCK_CAPTURE_AUTORELEASING = YES;
				CLANG_WARN_BOOL_CONVERSION = YES;
				CLANG_WARN_COMMA = YES;
				CLANG_WARN_CONSTANT_CONVERSION = YES;
				CLANG_WARN_DEPRECATED_OBJC_IMPLEMENTATIONS = YES;
				CLANG_WARN_DIRECT_OBJC_ISA_USAGE = YES_ERROR;
				CLANG_WARN_DOCUMENTATION_COMMENTS = YES;
				CLANG_WARN_EMPTY_BODY = YES;
				CLANG_WARN_ENUM_CONVERSION = YES;
				CLANG_WARN_INFINITE_RECURSION = YES;
				CLANG_WARN_INT_CONVERSION = YES;
				CLANG_WARN_NON_LITERAL_NULL_CONVERSION = YES;
				CLANG_WARN_OBJC_IMPLICIT_RETAIN_SELF = YES;
				CLANG_WARN_OBJC_LITERAL_CONVERSION = YES;
				CLANG_WARN_OBJC_ROOT_CLASS = YES_ERROR;
				CLANG_WARN_RANGE_LOOP_ANALYSIS = YES;
				CLANG_WARN_STRICT_PROTOTYPES = YES;
				CLANG_WARN_SUSPICIOUS_MOVE = YES;
				CLANG_WARN_UNGUARDED_AVAILABILITY = YES_AGGRESSIVE;
				CLANG_WARN_UNREACHABLE_CODE = YES;
				CLANG_WARN__DUPLICATE_METHOD_MATCH = YES;
				CODE_SIGN_IDENTITY = "iPhone Developer";
				COPY_PHASE_STRIP = NO;
				DEBUG_INFORMATION_FORMAT = dwarf;
				ENABLE_STRICT_OBJC_MSGSEND = YES;
				ENABLE_TESTABILITY = YES;
				GCC_C_LANGUAGE_STANDARD = gnu11;
				GCC_DYNAMIC_NO_PIC = NO;
				GCC_NO_COMMON_BLOCKS = YES;
				GCC_OPTIMIZATION_LEVEL = 0;
				GCC_PREPROCESSOR_DEFINITIONS = (
					"DEBUG=1",
					"$(inherited)",
				);
				GCC_WARN_64_TO_32_BIT_CONVERSION = YES;
				GCC_WARN_ABOUT_RETURN_TYPE = YES_ERROR;
				GCC_WARN_UNDECLARED_SELECTOR = YES;
				GCC_WARN_UNINITIALIZED_AUTOS = YES_AGGRESSIVE;
				GCC_WARN_UNUSED_FUNCTION = YES;
				GCC_WARN_UNUSED_VARIABLE = YES;
				IPHONEOS_DEPLOYMENT_TARGET = 12.1;
				MTL_ENABLE_DEBUG_INFO = INCLUDE_SOURCE;
				MTL_FAST_MATH = YES;
				ONLY_ACTIVE_ARCH = YES;
				SDKROOT = iphoneos;
				SWIFT_ACTIVE_COMPILATION_CONDITIONS = DEBUG;
				SWIFT_OPTIMIZATION_LEVEL = "-Onone";
			};
			name = Debug;
		};
		0B24234921FCC4E500432B88 /* Release */ = {
			isa = XCBuildConfiguration;
			buildSettings = {
				ALWAYS_SEARCH_USER_PATHS = NO;
				CLANG_ANALYZER_NONNULL = YES;
				CLANG_ANALYZER_NUMBER_OBJECT_CONVERSION = YES_AGGRESSIVE;
				CLANG_CXX_LANGUAGE_STANDARD = "gnu++14";
				CLANG_CXX_LIBRARY = "libc++";
				CLANG_ENABLE_MODULES = YES;
				CLANG_ENABLE_OBJC_ARC = YES;
				CLANG_ENABLE_OBJC_WEAK = YES;
				CLANG_WARN_BLOCK_CAPTURE_AUTORELEASING = YES;
				CLANG_WARN_BOOL_CONVERSION = YES;
				CLANG_WARN_COMMA = YES;
				CLANG_WARN_CONSTANT_CONVERSION = YES;
				CLANG_WARN_DEPRECATED_OBJC_IMPLEMENTATIONS = YES;
				CLANG_WARN_DIRECT_OBJC_ISA_USAGE = YES_ERROR;
				CLANG_WARN_DOCUMENTATION_COMMENTS = YES;
				CLANG_WARN_EMPTY_BODY = YES;
				CLANG_WARN_ENUM_CONVERSION = YES;
				CLANG_WARN_INFINITE_RECURSION = YES;
				CLANG_WARN_INT_CONVERSION = YES;
				CLANG_WARN_NON_LITERAL_NULL_CONVERSION = YES;
				CLANG_WARN_OBJC_IMPLICIT_RETAIN_SELF = YES;
				CLANG_WARN_OBJC_LITERAL_CONVERSION = YES;
				CLANG_WARN_OBJC_ROOT_CLASS = YES_ERROR;
				CLANG_WARN_RANGE_LOOP_ANALYSIS = YES;
				CLANG_WARN_STRICT_PROTOTYPES = YES;
				CLANG_WARN_SUSPICIOUS_MOVE = YES;
				CLANG_WARN_UNGUARDED_AVAILABILITY = YES_AGGRESSIVE;
				CLANG_WARN_UNREACHABLE_CODE = YES;
				CLANG_WARN__DUPLICATE_METHOD_MATCH = YES;
				CODE_SIGN_IDENTITY = "iPhone Developer";
				COPY_PHASE_STRIP = NO;
				DEBUG_INFORMATION_FORMAT = "dwarf-with-dsym";
				ENABLE_NS_ASSERTIONS = NO;
				ENABLE_STRICT_OBJC_MSGSEND = YES;
				GCC_C_LANGUAGE_STANDARD = gnu11;
				GCC_NO_COMMON_BLOCKS = YES;
				GCC_WARN_64_TO_32_BIT_CONVERSION = YES;
				GCC_WARN_ABOUT_RETURN_TYPE = YES_ERROR;
				GCC_WARN_UNDECLARED_SELECTOR = YES;
				GCC_WARN_UNINITIALIZED_AUTOS = YES_AGGRESSIVE;
				GCC_WARN_UNUSED_FUNCTION = YES;
				GCC_WARN_UNUSED_VARIABLE = YES;
				IPHONEOS_DEPLOYMENT_TARGET = 12.1;
				MTL_ENABLE_DEBUG_INFO = NO;
				MTL_FAST_MATH = YES;
				SDKROOT = iphoneos;
				SWIFT_COMPILATION_MODE = wholemodule;
				SWIFT_OPTIMIZATION_LEVEL = "-O";
				VALIDATE_PRODUCT = YES;
			};
			name = Release;
		};
		0B24234B21FCC4E500432B88 /* Debug */ = {
			isa = XCBuildConfiguration;
			buildSettings = {
				ASSETCATALOG_COMPILER_APPICON_NAME = AppIcon;
				CODE_SIGN_STYLE = Automatic;
				DEVELOPMENT_TEAM = U57W4D3YS6;
				INFOPLIST_FILE = RAFlightTracker/Info.plist;
				LD_RUNPATH_SEARCH_PATHS = (
					"$(inherited)",
					"@executable_path/Frameworks",
				);
				PRODUCT_BUNDLE_IDENTIFIER = com.niendo.RAFlightTracker;
				PRODUCT_NAME = "$(TARGET_NAME)";
				SWIFT_VERSION = 4.2;
				TARGETED_DEVICE_FAMILY = "1,2";
			};
			name = Debug;
		};
		0B24234C21FCC4E500432B88 /* Release */ = {
			isa = XCBuildConfiguration;
			buildSettings = {
				ASSETCATALOG_COMPILER_APPICON_NAME = AppIcon;
				CODE_SIGN_STYLE = Automatic;
				DEVELOPMENT_TEAM = U57W4D3YS6;
				INFOPLIST_FILE = RAFlightTracker/Info.plist;
				LD_RUNPATH_SEARCH_PATHS = (
					"$(inherited)",
					"@executable_path/Frameworks",
				);
				PRODUCT_BUNDLE_IDENTIFIER = com.niendo.RAFlightTracker;
				PRODUCT_NAME = "$(TARGET_NAME)";
				SWIFT_VERSION = 4.2;
				TARGETED_DEVICE_FAMILY = "1,2";
			};
			name = Release;
		};
		0B24234E21FCC4E500432B88 /* Debug */ = {
			isa = XCBuildConfiguration;
			buildSettings = {
				ALWAYS_EMBED_SWIFT_STANDARD_LIBRARIES = YES;
				BUNDLE_LOADER = "$(TEST_HOST)";
				CODE_SIGN_STYLE = Automatic;
				DEVELOPMENT_TEAM = U57W4D3YS6;
				INFOPLIST_FILE = RAFlightTrackerTests/Info.plist;
				LD_RUNPATH_SEARCH_PATHS = (
					"$(inherited)",
					"@executable_path/Frameworks",
					"@loader_path/Frameworks",
				);
				PRODUCT_BUNDLE_IDENTIFIER = com.niendo.RAFlightTrackerTests;
				PRODUCT_NAME = "$(TARGET_NAME)";
				SWIFT_VERSION = 4.2;
				TARGETED_DEVICE_FAMILY = "1,2";
				TEST_HOST = "$(BUILT_PRODUCTS_DIR)/RAFlightTracker.app/RAFlightTracker";
			};
			name = Debug;
		};
		0B24234F21FCC4E500432B88 /* Release */ = {
			isa = XCBuildConfiguration;
			buildSettings = {
				ALWAYS_EMBED_SWIFT_STANDARD_LIBRARIES = YES;
				BUNDLE_LOADER = "$(TEST_HOST)";
				CODE_SIGN_STYLE = Automatic;
				DEVELOPMENT_TEAM = U57W4D3YS6;
				INFOPLIST_FILE = RAFlightTrackerTests/Info.plist;
				LD_RUNPATH_SEARCH_PATHS = (
					"$(inherited)",
					"@executable_path/Frameworks",
					"@loader_path/Frameworks",
				);
				PRODUCT_BUNDLE_IDENTIFIER = com.niendo.RAFlightTrackerTests;
				PRODUCT_NAME = "$(TARGET_NAME)";
				SWIFT_VERSION = 4.2;
				TARGETED_DEVICE_FAMILY = "1,2";
				TEST_HOST = "$(BUILT_PRODUCTS_DIR)/RAFlightTracker.app/RAFlightTracker";
			};
			name = Release;
		};
		0B24235121FCC4E500432B88 /* Debug */ = {
			isa = XCBuildConfiguration;
			buildSettings = {
				ALWAYS_EMBED_SWIFT_STANDARD_LIBRARIES = YES;
				CODE_SIGN_STYLE = Automatic;
				DEVELOPMENT_TEAM = U57W4D3YS6;
				INFOPLIST_FILE = RAFlightTrackerUITests/Info.plist;
				LD_RUNPATH_SEARCH_PATHS = (
					"$(inherited)",
					"@executable_path/Frameworks",
					"@loader_path/Frameworks",
				);
				PRODUCT_BUNDLE_IDENTIFIER = com.niendo.RAFlightTrackerUITests;
				PRODUCT_NAME = "$(TARGET_NAME)";
				SWIFT_VERSION = 4.2;
				TARGETED_DEVICE_FAMILY = "1,2";
				TEST_TARGET_NAME = RAFlightTracker;
			};
			name = Debug;
		};
		0B24235221FCC4E500432B88 /* Release */ = {
			isa = XCBuildConfiguration;
			buildSettings = {
				ALWAYS_EMBED_SWIFT_STANDARD_LIBRARIES = YES;
				CODE_SIGN_STYLE = Automatic;
				DEVELOPMENT_TEAM = U57W4D3YS6;
				INFOPLIST_FILE = RAFlightTrackerUITests/Info.plist;
				LD_RUNPATH_SEARCH_PATHS = (
					"$(inherited)",
					"@executable_path/Frameworks",
					"@loader_path/Frameworks",
				);
				PRODUCT_BUNDLE_IDENTIFIER = com.niendo.RAFlightTrackerUITests;
				PRODUCT_NAME = "$(TARGET_NAME)";
				SWIFT_VERSION = 4.2;
				TARGETED_DEVICE_FAMILY = "1,2";
				TEST_TARGET_NAME = RAFlightTracker;
			};
			name = Release;
		};
/* End XCBuildConfiguration section */

/* Begin XCConfigurationList section */
		0B24231D21FCC4E300432B88 /* Build configuration list for PBXProject "RAFlightTracker" */ = {
			isa = XCConfigurationList;
			buildConfigurations = (
				0B24234821FCC4E500432B88 /* Debug */,
				0B24234921FCC4E500432B88 /* Release */,
			);
			defaultConfigurationIsVisible = 0;
			defaultConfigurationName = Release;
		};
		0B24234A21FCC4E500432B88 /* Build configuration list for PBXNativeTarget "RAFlightTracker" */ = {
			isa = XCConfigurationList;
			buildConfigurations = (
				0B24234B21FCC4E500432B88 /* Debug */,
				0B24234C21FCC4E500432B88 /* Release */,
			);
			defaultConfigurationIsVisible = 0;
			defaultConfigurationName = Release;
		};
		0B24234D21FCC4E500432B88 /* Build configuration list for PBXNativeTarget "RAFlightTrackerTests" */ = {
			isa = XCConfigurationList;
			buildConfigurations = (
				0B24234E21FCC4E500432B88 /* Debug */,
				0B24234F21FCC4E500432B88 /* Release */,
			);
			defaultConfigurationIsVisible = 0;
			defaultConfigurationName = Release;
		};
		0B24235021FCC4E500432B88 /* Build configuration list for PBXNativeTarget "RAFlightTrackerUITests" */ = {
			isa = XCConfigurationList;
			buildConfigurations = (
				0B24235121FCC4E500432B88 /* Debug */,
				0B24235221FCC4E500432B88 /* Release */,
			);
			defaultConfigurationIsVisible = 0;
			defaultConfigurationName = Release;
		};
/* End XCConfigurationList section */
	};
	rootObject = 0B24231A21FCC4E300432B88 /* Project object */;
}
